
Microsoft Visual Studio Solution File, Format Version 12.00
# Visual Studio Version 17
VisualStudioVersion = 17.14.36203.30 d17.14
MinimumVisualStudioVersion = 10.0.40219.1
Project("{8BC9CEB8-8B4A-11D0-8D11-00A0C91BC942}") = "ConsoleApplication1", "ConsoleApplication1\ConsoleApplication1.vcxproj", "{BD411366-D325-41D1-B742-F184E1785D45}"
EndProject
Global
	GlobalSection(SolutionConfigurationPlatforms) = preSolution
		Debug|x64 = Debug|x64
		Debug|x86 = Debug|x86
		Release|x64 = Release|x64
		Release|x86 = Release|x86
	EndGlobalSection
	GlobalSection(ProjectConfigurationPlatforms) = postSolution
		{BD411366-D325-41D1-B742-F184E1785D45}.Debug|x64.ActiveCfg = Debug|x64
		{BD411366-D325-41D1-B742-F184E1785D45}.Debug|x64.Build.0 = Debug|x64
		{BD411366-D325-41D1-B742-F184E1785D45}.Debug|x86.ActiveCfg = Debug|Win32
		{BD411366-D325-41D1-B742-F184E1785D45}.Debug|x86.Build.0 = Debug|Win32
		{BD411366-D325-41D1-B742-F184E1785D45}.Release|x64.ActiveCfg = Release|x64
		{BD411366-D325-41D1-B742-F184E1785D45}.Release|x64.Build.0 = Release|x64
		{BD411366-D325-41D1-B742-F184E1785D45}.Release|x86.ActiveCfg = Release|Win32
		{BD411366-D325-41D1-B742-F184E1785D45}.Release|x86.Build.0 = Release|Win32
	EndGlobalSection
	GlobalSection(SolutionProperties) = preSolution
		HideSolutionNode = FALSE
	EndGlobalSection
	GlobalSection(ExtensibilityGlobals) = postSolution
		SolutionGuid = {1CA23392-CD58-40AF-BCD7-CDE36F9A1871}
	EndGlobalSection
EndGlobal
